PODS:
  - Core (1.0.0):
    - RxSwift
  - RxSwift (6.2.0)
  - Theme (1.0.0)
  - UNIPPlusPods (1.0.0)

DEPENDENCIES:
  - Core (from `../`)
  - Theme (from `../`)
  - UNIPPlusPods (from `../`)

SPEC REPOS:
  trunk:
    - RxSwift

EXTERNAL SOURCES:
  Core:
    :path: "../"
  Theme:
    :path: "../"
  UNIPPlusPods:
    :path: "../"

SPEC CHECKSUMS:
  Core: e42b165488cb54b1bd2132ca02b3927f5e10f8a0
  RxSwift: d356ab7bee873611322f134c5f9ef379fa183d8f
  Theme: 4c45c80ae30b73c550386b86b2f1632261fa13ea
  UNIPPlusPods: 14dbb83445060974105e5da54e092cedffdd76f3

PODFILE CHECKSUM: 82873c17ba13b57f5fbc879b774e9174154ec303

COCOAPODS: 1.11.2
