PODS:
  - Core (1.0.0)
  - UNIPPlusPods (1.0.0)

DEPENDENCIES:
  - Core (from `../`)
  - UNIPPlusPods (from `../`)

EXTERNAL SOURCES:
  Core:
    :path: "../"
  UNIPPlusPods:
    :path: "../"

SPEC CHECKSUMS:
  Core: badeadd784258223d2e0e027bce8328a89825500
  UNIPPlusPods: 3144e561f81fc88a76dfda8432d81f13586d8ba1

PODFILE CHECKSUM: 0424f5639bdd5fec9aad73c89e2454f86f403c98

COCOAPODS: 1.11.2
