PODS:
  - Components (0.1.0)
  - Core (0.1.0)
  - Theme (0.1.0)

DEPENDENCIES:
  - Components (from `../`)
  - Core (from `../`)
  - Theme (from `../`)

EXTERNAL SOURCES:
  Components:
    :path: "../"
  Core:
    :path: "../"
  Theme:
    :path: "../"

SPEC CHECKSUMS:
  Components: 1457a08f82c20f0b8834f718a1ab6c8938ee22d1
  Core: 31d17d37e987c007db5dba4b422f86877816c73d
  Theme: 0f6ba890a921f0416369c8d62bb1f573137a7203

PODFILE CHECKSUM: fe19d22f9d051a201edc6243ec2de1f3b4603e67

COCOAPODS: 1.11.2
